// !$*UTF8*$!
{
	archiveVersion = 1;
	classes = {
	};
	objectVersion = 46;
	objects = {

/* Begin PBXBuildFile section */
		42E70B4D146BFE00009404D0 /* UIKit.framework in Frameworks */ = {isa = PBXBuildFile; fileRef = 42E70B4C146BFE00009404D0 /* UIKit.framework */; };
		42E70B4F146BFE00009404D0 /* Foundation.framework in Frameworks */ = {isa = PBXBuildFile; fileRef = 42E70B4E146BFE00009404D0 /* Foundation.framework */; };
		42E70B51146BFE00009404D0 /* CoreGraphics.framework in Frameworks */ = {isa = PBXBuildFile; fileRef = 42E70B50146BFE00009404D0 /* CoreGraphics.framework */; };
		42E70B57146BFE00009404D0 /* InfoPlist.strings in Resources */ = {isa = PBXBuildFile; fileRef = 42E70B55146BFE00009404D0 /* InfoPlist.strings */; };
		42E70B59146BFE00009404D0 /* main.m in Sources */ = {isa = PBXBuildFile; fileRef = 42E70B58146BFE00009404D0 /* main.m */; };
		42E70B5D146BFE00009404D0 /* cowsaysAppDelegate.m in Sources */ = {isa = PBXBuildFile; fileRef = 42E70B5C146BFE00009404D0 /* cowsaysAppDelegate.m */; };
		42E70B60146BFE00009404D0 /* MainWindow.xib in Resources */ = {isa = PBXBuildFile; fileRef = 42E70B5E146BFE00009404D0 /* MainWindow.xib */; };
		42E70B63146BFE00009404D0 /* cowsaysViewController.m in Sources */ = {isa = PBXBuildFile; fileRef = 42E70B62146BFE00009404D0 /* cowsaysViewController.m */; };
		42E70B66146BFE00009404D0 /* cowsaysViewController.xib in Resources */ = {isa = PBXBuildFile; fileRef = 42E70B64146BFE00009404D0 /* cowsaysViewController.xib */; };
		42E70B6D146D5A5F009404D0 /* cow-say-57.png in Resources */ = {isa = PBXBuildFile; fileRef = 42E70B6C146D5A5F009404D0 /* cow-say-57.png */; };
		42E70B6F146D5A68009404D0 /* cowsay114.png in Resources */ = {isa = PBXBuildFile; fileRef = 42E70B6E146D5A68009404D0 /* cowsay114.png */; };
/* End PBXBuildFile section */

/* Begin PBXFileReference section */
		42E70B48146BFE00009404D0 /* cowsays.app */ = {isa = PBXFileReference; explicitFileType = wrapper.application; includeInIndex = 0; path = cowsays.app; sourceTree = BUILT_PRODUCTS_DIR; };
		42E70B4C146BFE00009404D0 /* UIKit.framework */ = {isa = PBXFileReference; lastKnownFileType = wrapper.framework; name = UIKit.framework; path = System/Library/Frameworks/UIKit.framework; sourceTree = SDKROOT; };
		42E70B4E146BFE00009404D0 /* Foundation.framework */ = {isa = PBXFileReference; lastKnownFileType = wrapper.framework; name = Foundation.framework; path = System/Library/Frameworks/Foundation.framework; sourceTree = SDKROOT; };
		42E70B50146BFE00009404D0 /* CoreGraphics.framework */ = {isa = PBXFileReference; lastKnownFileType = wrapper.framework; name = CoreGraphics.framework; path = System/Library/Frameworks/CoreGraphics.framework; sourceTree = SDKROOT; };
		42E70B54146BFE00009404D0 /* cowsays-Info.plist */ = {isa = PBXFileReference; lastKnownFileType = text.plist.xml; path = "cowsays-Info.plist"; sourceTree = "<group>"; };
		42E70B56146BFE00009404D0 /* en */ = {isa = PBXFileReference; lastKnownFileType = text.plist.strings; name = en; path = en.lproj/InfoPlist.strings; sourceTree = "<group>"; };
		42E70B58146BFE00009404D0 /* main.m */ = {isa = PBXFileReference; lastKnownFileType = sourcecode.c.objc; path = main.m; sourceTree = "<group>"; };
		42E70B5A146BFE00009404D0 /* cowsays-Prefix.pch */ = {isa = PBXFileReference; lastKnownFileType = sourcecode.c.h; path = "cowsays-Prefix.pch"; sourceTree = "<group>"; };
		42E70B5B146BFE00009404D0 /* cowsaysAppDelegate.h */ = {isa = PBXFileReference; lastKnownFileType = sourcecode.c.h; path = cowsaysAppDelegate.h; sourceTree = "<group>"; };
		42E70B5C146BFE00009404D0 /* cowsaysAppDelegate.m */ = {isa = PBXFileReference; lastKnownFileType = sourcecode.c.objc; path = cowsaysAppDelegate.m; sourceTree = "<group>"; };
		42E70B5F146BFE00009404D0 /* en */ = {isa = PBXFileReference; lastKnownFileType = file.xib; name = en; path = en.lproj/MainWindow.xib; sourceTree = "<group>"; };
		42E70B61146BFE00009404D0 /* cowsaysViewController.h */ = {isa = PBXFileReference; lastKnownFileType = sourcecode.c.h; path = cowsaysViewController.h; sourceTree = "<group>"; };
		42E70B62146BFE00009404D0 /* cowsaysViewController.m */ = {isa = PBXFileReference; lastKnownFileType = sourcecode.c.objc; path = cowsaysViewController.m; sourceTree = "<group>"; };
		42E70B65146BFE00009404D0 /* en */ = {isa = PBXFileReference; lastKnownFileType = file.xib; name = en; path = en.lproj/cowsaysViewController.xib; sourceTree = "<group>"; };
		42E70B6C146D5A5F009404D0 /* cow-say-57.png */ = {isa = PBXFileReference; lastKnownFileType = image.png; path = "cow-say-57.png"; sourceTree = "<group>"; };
		42E70B6E146D5A68009404D0 /* cowsay114.png */ = {isa = PBXFileReference; lastKnownFileType = image.png; path = cowsay114.png; sourceTree = "<group>"; };
/* End PBXFileReference section */

/* Begin PBXFrameworksBuildPhase section */
		42E70B45146BFE00009404D0 /* Frameworks */ = {
			isa = PBXFrameworksBuildPhase;
			buildActionMask = 2147483647;
			files = (
				42E70B4D146BFE00009404D0 /* UIKit.framework in Frameworks */,
				42E70B4F146BFE00009404D0 /* Foundation.framework in Frameworks */,
				42E70B51146BFE00009404D0 /* CoreGraphics.framework in Frameworks */,
			);
			runOnlyForDeploymentPostprocessing = 0;
		};
/* End PBXFrameworksBuildPhase section */

/* Begin PBXGroup section */
		42E70B3D146BFDFF009404D0 = {
			isa = PBXGroup;
			children = (
				42E70B6E146D5A68009404D0 /* cowsay114.png */,
				42E70B6C146D5A5F009404D0 /* cow-say-57.png */,
				42E70B52146BFE00009404D0 /* cowsays */,
				42E70B4B146BFE00009404D0 /* Frameworks */,
				42E70B49146BFE00009404D0 /* Products */,
			);
			sourceTree = "<group>";
		};
		42E70B49146BFE00009404D0 /* Products */ = {
			isa = PBXGroup;
			children = (
				42E70B48146BFE00009404D0 /* cowsays.app */,
			);
			name = Products;
			sourceTree = "<group>";
		};
		42E70B4B146BFE00009404D0 /* Frameworks */ = {
			isa = PBXGroup;
			children = (
				42E70B4C146BFE00009404D0 /* UIKit.framework */,
				42E70B4E146BFE00009404D0 /* Foundation.framework */,
				42E70B50146BFE00009404D0 /* CoreGraphics.framework */,
			);
			name = Frameworks;
			sourceTree = "<group>";
		};
		42E70B52146BFE00009404D0 /* cowsays */ = {
			isa = PBXGroup;
			children = (
				42E70B5B146BFE00009404D0 /* cowsaysAppDelegate.h */,
				42E70B5C146BFE00009404D0 /* cowsaysAppDelegate.m */,
				42E70B5E146BFE00009404D0 /* MainWindow.xib */,
				42E70B61146BFE00009404D0 /* cowsaysViewController.h */,
				42E70B62146BFE00009404D0 /* cowsaysViewController.m */,
				42E70B64146BFE00009404D0 /* cowsaysViewController.xib */,
				42E70B53146BFE00009404D0 /* Supporting Files */,
			);
			path = cowsays;
			sourceTree = "<group>";
		};
		42E70B53146BFE00009404D0 /* Supporting Files */ = {
			isa = PBXGroup;
			children = (
				42E70B54146BFE00009404D0 /* cowsays-Info.plist */,
				42E70B55146BFE00009404D0 /* InfoPlist.strings */,
				42E70B58146BFE00009404D0 /* main.m */,
				42E70B5A146BFE00009404D0 /* cowsays-Prefix.pch */,
			);
			name = "Supporting Files";
			sourceTree = "<group>";
		};
/* End PBXGroup section */

/* Begin PBXNativeTarget section */
		42E70B47146BFE00009404D0 /* cowsays */ = {
			isa = PBXNativeTarget;
			buildConfigurationList = 42E70B69146BFE00009404D0 /* Build configuration list for PBXNativeTarget "cowsays" */;
			buildPhases = (
				42E70B44146BFE00009404D0 /* Sources */,
				42E70B45146BFE00009404D0 /* Frameworks */,
				42E70B46146BFE00009404D0 /* Resources */,
			);
			buildRules = (
			);
			dependencies = (
			);
			name = cowsays;
			productName = cowsays;
			productReference = 42E70B48146BFE00009404D0 /* cowsays.app */;
			productType = "com.apple.product-type.application";
		};
/* End PBXNativeTarget section */

/* Begin PBXProject section */
		42E70B3F146BFDFF009404D0 /* Project object */ = {
			isa = PBXProject;
			attributes = {
				ORGANIZATIONNAME = Agiliq;
			};
			buildConfigurationList = 42E70B42146BFDFF009404D0 /* Build configuration list for PBXProject "cowsays" */;
			compatibilityVersion = "Xcode 3.2";
			developmentRegion = English;
			hasScannedForEncodings = 0;
			knownRegions = (
				en,
			);
			mainGroup = 42E70B3D146BFDFF009404D0;
			productRefGroup = 42E70B49146BFE00009404D0 /* Products */;
			projectDirPath = "";
			projectRoot = "";
			targets = (
				42E70B47146BFE00009404D0 /* cowsays */,
			);
		};
/* End PBXProject section */

/* Begin PBXResourcesBuildPhase section */
		42E70B46146BFE00009404D0 /* Resources */ = {
			isa = PBXResourcesBuildPhase;
			buildActionMask = 2147483647;
			files = (
				42E70B57146BFE00009404D0 /* InfoPlist.strings in Resources */,
				42E70B60146BFE00009404D0 /* MainWindow.xib in Resources */,
				42E70B66146BFE00009404D0 /* cowsaysViewController.xib in Resources */,
				42E70B6D146D5A5F009404D0 /* cow-say-57.png in Resources */,
				42E70B6F146D5A68009404D0 /* cowsay114.png in Resources */,
			);
			runOnlyForDeploymentPostprocessing = 0;
		};
/* End PBXResourcesBuildPhase section */

/* Begin PBXSourcesBuildPhase section */
		42E70B44146BFE00009404D0 /* Sources */ = {
			isa = PBXSourcesBuildPhase;
			buildActionMask = 2147483647;
			files = (
				42E70B59146BFE00009404D0 /* main.m in Sources */,
				42E70B5D146BFE00009404D0 /* cowsaysAppDelegate.m in Sources */,
				42E70B63146BFE00009404D0 /* cowsaysViewController.m in Sources */,
			);
			runOnlyForDeploymentPostprocessing = 0;
		};
/* End PBXSourcesBuildPhase section */

/* Begin PBXVariantGroup section */
		42E70B55146BFE00009404D0 /* InfoPlist.strings */ = {
			isa = PBXVariantGroup;
			children = (
				42E70B56146BFE00009404D0 /* en */,
			);
			name = InfoPlist.strings;
			sourceTree = "<group>";
		};
		42E70B5E146BFE00009404D0 /* MainWindow.xib */ = {
			isa = PBXVariantGroup;
			children = (
				42E70B5F146BFE00009404D0 /* en */,
			);
			name = MainWindow.xib;
			sourceTree = "<group>";
		};
		42E70B64146BFE00009404D0 /* cowsaysViewController.xib */ = {
			isa = PBXVariantGroup;
			children = (
				42E70B65146BFE00009404D0 /* en */,
			);
			name = cowsaysViewController.xib;
			sourceTree = "<group>";
		};
/* End PBXVariantGroup section */

/* Begin XCBuildConfiguration section */
		42E70B67146BFE00009404D0 /* Debug */ = {
			isa = XCBuildConfiguration;
			buildSettings = {
				ALWAYS_SEARCH_USER_PATHS = NO;
				ARCHS = "$(ARCHS_STANDARD_32_BIT)";
				"CODE_SIGN_IDENTITY[sdk=iphoneos*]" = "iPhone Developer";
				COPY_PHASE_STRIP = NO;
				GCC_C_LANGUAGE_STANDARD = gnu99;
				GCC_DYNAMIC_NO_PIC = NO;
				GCC_OPTIMIZATION_LEVEL = 0;
				GCC_PREPROCESSOR_DEFINITIONS = (
					"DEBUG=1",
					"$(inherited)",
				);
				GCC_SYMBOLS_PRIVATE_EXTERN = NO;
				GCC_VERSION = com.apple.compilers.llvmgcc42;
				GCC_WARN_ABOUT_MISSING_PROTOTYPES = YES;
				GCC_WARN_ABOUT_RETURN_TYPE = YES;
				GCC_WARN_UNUSED_VARIABLE = YES;
				IPHONEOS_DEPLOYMENT_TARGET = 4.3;
				SDKROOT = iphoneos;
			};
			name = Debug;
		};
		42E70B68146BFE00009404D0 /* Release */ = {
			isa = XCBuildConfiguration;
			buildSettings = {
				ALWAYS_SEARCH_USER_PATHS = NO;
				ARCHS = "$(ARCHS_STANDARD_32_BIT)";
				"CODE_SIGN_IDENTITY[sdk=iphoneos*]" = "iPhone Developer";
				COPY_PHASE_STRIP = YES;
				GCC_C_LANGUAGE_STANDARD = gnu99;
				GCC_VERSION = com.apple.compilers.llvmgcc42;
				GCC_WARN_ABOUT_MISSING_PROTOTYPES = YES;
				GCC_WARN_ABOUT_RETURN_TYPE = YES;
				GCC_WARN_UNUSED_VARIABLE = YES;
				IPHONEOS_DEPLOYMENT_TARGET = 4.3;
				OTHER_CFLAGS = "-DNS_BLOCK_ASSERTIONS=1";
				SDKROOT = iphoneos;
				VALIDATE_PRODUCT = YES;
			};
			name = Release;
		};
		42E70B6A146BFE00009404D0 /* Debug */ = {
			isa = XCBuildConfiguration;
			buildSettings = {
				GCC_PRECOMPILE_PREFIX_HEADER = YES;
				GCC_PREFIX_HEADER = "cowsays/cowsays-Prefix.pch";
				INFOPLIST_FILE = "cowsays/cowsays-Info.plist";
				IPHONEOS_DEPLOYMENT_TARGET = 4.0;
				PRODUCT_NAME = "$(TARGET_NAME)";
				WRAPPER_EXTENSION = app;
			};
			name = Debug;
		};
		42E70B6B146BFE00009404D0 /* Release */ = {
			isa = XCBuildConfiguration;
			buildSettings = {
				GCC_PRECOMPILE_PREFIX_HEADER = YES;
				GCC_PREFIX_HEADER = "cowsays/cowsays-Prefix.pch";
				INFOPLIST_FILE = "cowsays/cowsays-Info.plist";
				IPHONEOS_DEPLOYMENT_TARGET = 4.0;
				PRODUCT_NAME = "$(TARGET_NAME)";
				WRAPPER_EXTENSION = app;
			};
			name = Release;
		};
/* End XCBuildConfiguration section */

/* Begin XCConfigurationList section */
		42E70B42146BFDFF009404D0 /* Build configuration list for PBXProject "cowsays" */ = {
			isa = XCConfigurationList;
			buildConfigurations = (
				42E70B67146BFE00009404D0 /* Debug */,
				42E70B68146BFE00009404D0 /* Release */,
			);
			defaultConfigurationIsVisible = 0;
			defaultConfigurationName = Release;
		};
		42E70B69146BFE00009404D0 /* Build configuration list for PBXNativeTarget "cowsays" */ = {
			isa = XCConfigurationList;
			buildConfigurations = (
				42E70B6A146BFE00009404D0 /* Debug */,
				42E70B6B146BFE00009404D0 /* Release */,
			);
			defaultConfigurationIsVisible = 0;
		};
/* End XCConfigurationList section */
	};
	rootObject = 42E70B3F146BFDFF009404D0 /* Project object */;
}
